
Microsoft Visual Studio Solution File, Format Version 12.00
# Visual Studio 15
Project("{FAE04EC0-301F-11D3-BF4B-00C04F79EFBC}") = "Day2SecureWebApiClient", "Day2SecureWebApiClient\Day2SecureWebApiClient.csproj", "{51691AA9-963A-4E94-B76E-C4BC0EFEF2DF}"
EndProject
Global
	GlobalSection(SolutionConfigurationPlatforms) = preSolution
		Debug|Any CPU = Debug|Any CPU
		Release|Any CPU = Release|Any CPU
	EndGlobalSection
	GlobalSection(ProjectConfigurationPlatforms) = postSolution
		{51691AA9-963A-4E94-B76E-C4BC0EFEF2DF}.Debug|Any CPU.ActiveCfg = Debug|Any CPU
		{51691AA9-963A-4E94-B76E-C4BC0EFEF2DF}.Debug|Any CPU.Build.0 = Debug|Any CPU
		{51691AA9-963A-4E94-B76E-C4BC0EFEF2DF}.Release|Any CPU.ActiveCfg = Release|Any CPU
		{51691AA9-963A-4E94-B76E-C4BC0EFEF2DF}.Release|Any CPU.Build.0 = Release|Any CPU
	EndGlobalSection
EndGlobal
