
Microsoft Visual Studio Solution File, Format Version 12.00
# Visual Studio Version 16
VisualStudioVersion = 16.0.30225.117
MinimumVisualStudioVersion = 10.0.40219.1
Project("{FAE04EC0-301F-11D3-BF4B-00C04F79EFBC}") = "ConsoleCore1", "ConsoleCore1\ConsoleCore1.csproj", "{80ECDDC0-04A2-4589-B298-7ED20D8E0B38}"
EndProject
Project("{FAE04EC0-301F-11D3-BF4B-00C04F79EFBC}") = "ConsoleAppClassic1", "ConsoleAppClassic1\ConsoleAppClassic1.csproj", "{33C546CA-64D8-4B87-B647-15B5832DC87D}"
EndProject
Project("{2150E333-8FDC-42A3-9474-1A3956D46DE8}") = "Libraries", "Libraries", "{2E734820-80D7-459E-BF2D-7CB8C7D9AB2B}"
EndProject
Project("{FAE04EC0-301F-11D3-BF4B-00C04F79EFBC}") = "ClassicClassLibrary1", "ClassicClassLibrary1\ClassicClassLibrary1.csproj", "{8525934A-E342-45D4-8D43-894CD5EA96F4}"
EndProject
Project("{FAE04EC0-301F-11D3-BF4B-00C04F79EFBC}") = "ClassLibraryStandard1", "ClassLibraryStandard1\ClassLibraryStandard1.csproj", "{C0042E3D-6D2E-4EE5-925B-680CC4002BF1}"
EndProject
Project("{FAE04EC0-301F-11D3-BF4B-00C04F79EFBC}") = "ConsoleCoreApp2", "ConsoleCoreApp2\ConsoleCoreApp2.csproj", "{44C7FAF2-8DEF-4550-BE3E-614110FC7C00}"
EndProject
Global
	GlobalSection(SolutionConfigurationPlatforms) = preSolution
		Debug|Any CPU = Debug|Any CPU
		Release|Any CPU = Release|Any CPU
	EndGlobalSection
	GlobalSection(ProjectConfigurationPlatforms) = postSolution
		{80ECDDC0-04A2-4589-B298-7ED20D8E0B38}.Debug|Any CPU.ActiveCfg = Debug|Any CPU
		{80ECDDC0-04A2-4589-B298-7ED20D8E0B38}.Debug|Any CPU.Build.0 = Debug|Any CPU
		{80ECDDC0-04A2-4589-B298-7ED20D8E0B38}.Release|Any CPU.ActiveCfg = Release|Any CPU
		{80ECDDC0-04A2-4589-B298-7ED20D8E0B38}.Release|Any CPU.Build.0 = Release|Any CPU
		{33C546CA-64D8-4B87-B647-15B5832DC87D}.Debug|Any CPU.ActiveCfg = Debug|Any CPU
		{33C546CA-64D8-4B87-B647-15B5832DC87D}.Debug|Any CPU.Build.0 = Debug|Any CPU
		{33C546CA-64D8-4B87-B647-15B5832DC87D}.Release|Any CPU.ActiveCfg = Release|Any CPU
		{33C546CA-64D8-4B87-B647-15B5832DC87D}.Release|Any CPU.Build.0 = Release|Any CPU
		{8525934A-E342-45D4-8D43-894CD5EA96F4}.Debug|Any CPU.ActiveCfg = Debug|Any CPU
		{8525934A-E342-45D4-8D43-894CD5EA96F4}.Debug|Any CPU.Build.0 = Debug|Any CPU
		{8525934A-E342-45D4-8D43-894CD5EA96F4}.Release|Any CPU.ActiveCfg = Release|Any CPU
		{8525934A-E342-45D4-8D43-894CD5EA96F4}.Release|Any CPU.Build.0 = Release|Any CPU
		{C0042E3D-6D2E-4EE5-925B-680CC4002BF1}.Debug|Any CPU.ActiveCfg = Debug|Any CPU
		{C0042E3D-6D2E-4EE5-925B-680CC4002BF1}.Debug|Any CPU.Build.0 = Debug|Any CPU
		{C0042E3D-6D2E-4EE5-925B-680CC4002BF1}.Release|Any CPU.ActiveCfg = Release|Any CPU
		{C0042E3D-6D2E-4EE5-925B-680CC4002BF1}.Release|Any CPU.Build.0 = Release|Any CPU
		{44C7FAF2-8DEF-4550-BE3E-614110FC7C00}.Debug|Any CPU.ActiveCfg = Debug|Any CPU
		{44C7FAF2-8DEF-4550-BE3E-614110FC7C00}.Debug|Any CPU.Build.0 = Debug|Any CPU
		{44C7FAF2-8DEF-4550-BE3E-614110FC7C00}.Release|Any CPU.ActiveCfg = Release|Any CPU
		{44C7FAF2-8DEF-4550-BE3E-614110FC7C00}.Release|Any CPU.Build.0 = Release|Any CPU
	EndGlobalSection
	GlobalSection(SolutionProperties) = preSolution
		HideSolutionNode = FALSE
	EndGlobalSection
	GlobalSection(NestedProjects) = preSolution
		{8525934A-E342-45D4-8D43-894CD5EA96F4} = {2E734820-80D7-459E-BF2D-7CB8C7D9AB2B}
		{C0042E3D-6D2E-4EE5-925B-680CC4002BF1} = {2E734820-80D7-459E-BF2D-7CB8C7D9AB2B}
	EndGlobalSection
	GlobalSection(ExtensibilityGlobals) = postSolution
		SolutionGuid = {CECCDDD9-BD7D-47ED-BD0F-F5E87C1648E4}
	EndGlobalSection
EndGlobal
